
Microsoft Visual Studio Solution File, Format Version 12.00
# Visual Studio 2013
VisualStudioVersion = 12.0.40629.0
MinimumVisualStudioVersion = 10.0.40219.1
Project("{FAE04EC0-301F-11D3-BF4B-00C04F79EFBC}") = "tronpon", "tronpon\tronpon.csproj", "{F5093E60-0F7D-48E7-9107-BDBF1188E772}"
EndProject
Project("{FAE04EC0-301F-11D3-BF4B-00C04F79EFBC}") = "tronpon.Tests", "tronpon.Tests\tronpon.Tests.csproj", "{5F13D4C9-A850-4E2C-B9A0-61007E096915}"
EndProject
Project("{FAE04EC0-301F-11D3-BF4B-00C04F79EFBC}") = "Tronpon_Classes", "Tronpon_Classes\Tronpon_Classes.csproj", "{47E82CF2-866A-4C6C-ADF6-4503042E2252}"
EndProject
Project("{FAE04EC0-301F-11D3-BF4B-00C04F79EFBC}") = "Database_Layer", "Database_Layer\Database_Layer.csproj", "{E9F92BF4-AEB0-4A19-81C1-ADA26662A5F1}"
EndProject
Global
	GlobalSection(SolutionConfigurationPlatforms) = preSolution
		Debug|Any CPU = Debug|Any CPU
		Release|Any CPU = Release|Any CPU
	EndGlobalSection
	GlobalSection(ProjectConfigurationPlatforms) = postSolution
		{F5093E60-0F7D-48E7-9107-BDBF1188E772}.Debug|Any CPU.ActiveCfg = Debug|Any CPU
		{F5093E60-0F7D-48E7-9107-BDBF1188E772}.Debug|Any CPU.Build.0 = Debug|Any CPU
		{F5093E60-0F7D-48E7-9107-BDBF1188E772}.Release|Any CPU.ActiveCfg = Release|Any CPU
		{F5093E60-0F7D-48E7-9107-BDBF1188E772}.Release|Any CPU.Build.0 = Release|Any CPU
		{5F13D4C9-A850-4E2C-B9A0-61007E096915}.Debug|Any CPU.ActiveCfg = Debug|Any CPU
		{5F13D4C9-A850-4E2C-B9A0-61007E096915}.Debug|Any CPU.Build.0 = Debug|Any CPU
		{5F13D4C9-A850-4E2C-B9A0-61007E096915}.Release|Any CPU.ActiveCfg = Release|Any CPU
		{5F13D4C9-A850-4E2C-B9A0-61007E096915}.Release|Any CPU.Build.0 = Release|Any CPU
		{47E82CF2-866A-4C6C-ADF6-4503042E2252}.Debug|Any CPU.ActiveCfg = Debug|Any CPU
		{47E82CF2-866A-4C6C-ADF6-4503042E2252}.Debug|Any CPU.Build.0 = Debug|Any CPU
		{47E82CF2-866A-4C6C-ADF6-4503042E2252}.Release|Any CPU.ActiveCfg = Release|Any CPU
		{47E82CF2-866A-4C6C-ADF6-4503042E2252}.Release|Any CPU.Build.0 = Release|Any CPU
		{E9F92BF4-AEB0-4A19-81C1-ADA26662A5F1}.Debug|Any CPU.ActiveCfg = Debug|Any CPU
		{E9F92BF4-AEB0-4A19-81C1-ADA26662A5F1}.Debug|Any CPU.Build.0 = Debug|Any CPU
		{E9F92BF4-AEB0-4A19-81C1-ADA26662A5F1}.Release|Any CPU.ActiveCfg = Release|Any CPU
		{E9F92BF4-AEB0-4A19-81C1-ADA26662A5F1}.Release|Any CPU.Build.0 = Release|Any CPU
	EndGlobalSection
	GlobalSection(SolutionProperties) = preSolution
		HideSolutionNode = FALSE
	EndGlobalSection
EndGlobal
